
Microsoft Visual Studio Solution File, Format Version 12.00
# Visual Studio 15
VisualStudioVersion = 15.0.27130.2036
MinimumVisualStudioVersion = 10.0.40219.1
Project("{FAE04EC0-301F-11D3-BF4B-00C04F79EFBC}") = "LatsRantXam.Android", "LatsRantXam\LatsRantXam.Android\LatsRantXam.Android.csproj", "{C01D6B04-9836-4D4E-8517-10072DBB8307}"
EndProject
Project("{FAE04EC0-301F-11D3-BF4B-00C04F79EFBC}") = "LatsRantXam.iOS", "LatsRantXam\LatsRantXam.iOS\LatsRantXam.iOS.csproj", "{4987BA22-7940-478D-9674-BB86A7225D57}"
EndProject
Project("{FAE04EC0-301F-11D3-BF4B-00C04F79EFBC}") = "LatsRantXam.UWP", "LatsRantXam\LatsRantXam.UWP\LatsRantXam.UWP.csproj", "{1EB56A82-8815-4047-B6D6-6839D8444168}"
EndProject
Project("{D954291E-2A0B-460D-934E-DC6B0785DB48}") = "LatsRantXam", "LatsRantXam\LatsRantXam\LatsRantXam.shproj", "{6AE8367E-3FDD-49C7-9DC4-12A200E7C50F}"
EndProject
Global
	GlobalSection(SharedMSBuildProjectFiles) = preSolution
		LatsRantXam\LatsRantXam\LatsRantXam.projitems*{1eb56a82-8815-4047-b6d6-6839d8444168}*SharedItemsImports = 4
		LatsRantXam\LatsRantXam\LatsRantXam.projitems*{4987ba22-7940-478d-9674-bb86a7225d57}*SharedItemsImports = 4
		LatsRantXam\LatsRantXam\LatsRantXam.projitems*{6ae8367e-3fdd-49c7-9dc4-12a200e7c50f}*SharedItemsImports = 13
		LatsRantXam\LatsRantXam\LatsRantXam.projitems*{c01d6b04-9836-4d4e-8517-10072dbb8307}*SharedItemsImports = 4
	EndGlobalSection
	GlobalSection(SolutionConfigurationPlatforms) = preSolution
		Ad-Hoc|Any CPU = Ad-Hoc|Any CPU
		Ad-Hoc|ARM = Ad-Hoc|ARM
		Ad-Hoc|iPhone = Ad-Hoc|iPhone
		Ad-Hoc|iPhoneSimulator = Ad-Hoc|iPhoneSimulator
		Ad-Hoc|x64 = Ad-Hoc|x64
		Ad-Hoc|x86 = Ad-Hoc|x86
		AppStore|Any CPU = AppStore|Any CPU
		AppStore|ARM = AppStore|ARM
		AppStore|iPhone = AppStore|iPhone
		AppStore|iPhoneSimulator = AppStore|iPhoneSimulator
		AppStore|x64 = AppStore|x64
		AppStore|x86 = AppStore|x86
		Debug|Any CPU = Debug|Any CPU
		Debug|ARM = Debug|ARM
		Debug|iPhone = Debug|iPhone
		Debug|iPhoneSimulator = Debug|iPhoneSimulator
		Debug|x64 = Debug|x64
		Debug|x86 = Debug|x86
		Release|Any CPU = Release|Any CPU
		Release|ARM = Release|ARM
		Release|iPhone = Release|iPhone
		Release|iPhoneSimulator = Release|iPhoneSimulator
		Release|x64 = Release|x64
		Release|x86 = Release|x86
	EndGlobalSection
	GlobalSection(ProjectConfigurationPlatforms) = postSolution
		{C01D6B04-9836-4D4E-8517-10072DBB8307}.Ad-Hoc|Any CPU.ActiveCfg = Release|Any CPU
		{C01D6B04-9836-4D4E-8517-10072DBB8307}.Ad-Hoc|Any CPU.Build.0 = Release|Any CPU
		{C01D6B04-9836-4D4E-8517-10072DBB8307}.Ad-Hoc|Any CPU.Deploy.0 = Release|Any CPU
		{C01D6B04-9836-4D4E-8517-10072DBB8307}.Ad-Hoc|ARM.ActiveCfg = Release|Any CPU
		{C01D6B04-9836-4D4E-8517-10072DBB8307}.Ad-Hoc|ARM.Build.0 = Release|Any CPU
		{C01D6B04-9836-4D4E-8517-10072DBB8307}.Ad-Hoc|ARM.Deploy.0 = Release|Any CPU
		{C01D6B04-9836-4D4E-8517-10072DBB8307}.Ad-Hoc|iPhone.ActiveCfg = Release|Any CPU
		{C01D6B04-9836-4D4E-8517-10072DBB8307}.Ad-Hoc|iPhone.Build.0 = Release|Any CPU
		{C01D6B04-9836-4D4E-8517-10072DBB8307}.Ad-Hoc|iPhone.Deploy.0 = Release|Any CPU
		{C01D6B04-9836-4D4E-8517-10072DBB8307}.Ad-Hoc|iPhoneSimulator.ActiveCfg = Release|Any CPU
		{C01D6B04-9836-4D4E-8517-10072DBB8307}.Ad-Hoc|iPhoneSimulator.Build.0 = Release|Any CPU
		{C01D6B04-9836-4D4E-8517-10072DBB8307}.Ad-Hoc|iPhoneSimulator.Deploy.0 = Release|Any CPU
		{C01D6B04-9836-4D4E-8517-10072DBB8307}.Ad-Hoc|x64.ActiveCfg = Release|Any CPU
		{C01D6B04-9836-4D4E-8517-10072DBB8307}.Ad-Hoc|x64.Build.0 = Release|Any CPU
		{C01D6B04-9836-4D4E-8517-10072DBB8307}.Ad-Hoc|x64.Deploy.0 = Release|Any CPU
		{C01D6B04-9836-4D4E-8517-10072DBB8307}.Ad-Hoc|x86.ActiveCfg = Release|Any CPU
		{C01D6B04-9836-4D4E-8517-10072DBB8307}.Ad-Hoc|x86.Build.0 = Release|Any CPU
		{C01D6B04-9836-4D4E-8517-10072DBB8307}.Ad-Hoc|x86.Deploy.0 = Release|Any CPU
		{C01D6B04-9836-4D4E-8517-10072DBB8307}.AppStore|Any CPU.ActiveCfg = Release|Any CPU
		{C01D6B04-9836-4D4E-8517-10072DBB8307}.AppStore|Any CPU.Build.0 = Release|Any CPU
		{C01D6B04-9836-4D4E-8517-10072DBB8307}.AppStore|Any CPU.Deploy.0 = Release|Any CPU
		{C01D6B04-9836-4D4E-8517-10072DBB8307}.AppStore|ARM.ActiveCfg = Release|Any CPU
		{C01D6B04-9836-4D4E-8517-10072DBB8307}.AppStore|ARM.Build.0 = Release|Any CPU
		{C01D6B04-9836-4D4E-8517-10072DBB8307}.AppStore|ARM.Deploy.0 = Release|Any CPU
		{C01D6B04-9836-4D4E-8517-10072DBB8307}.AppStore|iPhone.ActiveCfg = Release|Any CPU
		{C01D6B04-9836-4D4E-8517-10072DBB8307}.AppStore|iPhone.Build.0 = Release|Any CPU
		{C01D6B04-9836-4D4E-8517-10072DBB8307}.AppStore|iPhone.Deploy.0 = Release|Any CPU
		{C01D6B04-9836-4D4E-8517-10072DBB8307}.AppStore|iPhoneSimulator.ActiveCfg = Release|Any CPU
		{C01D6B04-9836-4D4E-8517-10072DBB8307}.AppStore|iPhoneSimulator.Build.0 = Release|Any CPU
		{C01D6B04-9836-4D4E-8517-10072DBB8307}.AppStore|iPhoneSimulator.Deploy.0 = Release|Any CPU
		{C01D6B04-9836-4D4E-8517-10072DBB8307}.AppStore|x64.ActiveCfg = Release|Any CPU
		{C01D6B04-9836-4D4E-8517-10072DBB8307}.AppStore|x64.Build.0 = Release|Any CPU
		{C01D6B04-9836-4D4E-8517-10072DBB8307}.AppStore|x64.Deploy.0 = Release|Any CPU
		{C01D6B04-9836-4D4E-8517-10072DBB8307}.AppStore|x86.ActiveCfg = Release|Any CPU
		{C01D6B04-9836-4D4E-8517-10072DBB8307}.AppStore|x86.Build.0 = Release|Any CPU
		{C01D6B04-9836-4D4E-8517-10072DBB8307}.AppStore|x86.Deploy.0 = Release|Any CPU
		{C01D6B04-9836-4D4E-8517-10072DBB8307}.Debug|Any CPU.ActiveCfg = Debug|Any CPU
		{C01D6B04-9836-4D4E-8517-10072DBB8307}.Debug|Any CPU.Build.0 = Debug|Any CPU
		{C01D6B04-9836-4D4E-8517-10072DBB8307}.Debug|Any CPU.Deploy.0 = Debug|Any CPU
		{C01D6B04-9836-4D4E-8517-10072DBB8307}.Debug|ARM.ActiveCfg = Debug|Any CPU
		{C01D6B04-9836-4D4E-8517-10072DBB8307}.Debug|ARM.Build.0 = Debug|Any CPU
		{C01D6B04-9836-4D4E-8517-10072DBB8307}.Debug|ARM.Deploy.0 = Debug|Any CPU
		{C01D6B04-9836-4D4E-8517-10072DBB8307}.Debug|iPhone.ActiveCfg = Debug|Any CPU
		{C01D6B04-9836-4D4E-8517-10072DBB8307}.Debug|iPhone.Build.0 = Debug|Any CPU
		{C01D6B04-9836-4D4E-8517-10072DBB8307}.Debug|iPhone.Deploy.0 = Debug|Any CPU
		{C01D6B04-9836-4D4E-8517-10072DBB8307}.Debug|iPhoneSimulator.ActiveCfg = Debug|Any CPU
		{C01D6B04-9836-4D4E-8517-10072DBB8307}.Debug|iPhoneSimulator.Build.0 = Debug|Any CPU
		{C01D6B04-9836-4D4E-8517-10072DBB8307}.Debug|iPhoneSimulator.Deploy.0 = Debug|Any CPU
		{C01D6B04-9836-4D4E-8517-10072DBB8307}.Debug|x64.ActiveCfg = Debug|Any CPU
		{C01D6B04-9836-4D4E-8517-10072DBB8307}.Debug|x64.Build.0 = Debug|Any CPU
		{C01D6B04-9836-4D4E-8517-10072DBB8307}.Debug|x64.Deploy.0 = Debug|Any CPU
		{C01D6B04-9836-4D4E-8517-10072DBB8307}.Debug|x86.ActiveCfg = Debug|Any CPU
		{C01D6B04-9836-4D4E-8517-10072DBB8307}.Debug|x86.Build.0 = Debug|Any CPU
		{C01D6B04-9836-4D4E-8517-10072DBB8307}.Debug|x86.Deploy.0 = Debug|Any CPU
		{C01D6B04-9836-4D4E-8517-10072DBB8307}.Release|Any CPU.ActiveCfg = Release|Any CPU
		{C01D6B04-9836-4D4E-8517-10072DBB8307}.Release|Any CPU.Build.0 = Release|Any CPU
		{C01D6B04-9836-4D4E-8517-10072DBB8307}.Release|Any CPU.Deploy.0 = Release|Any CPU
		{C01D6B04-9836-4D4E-8517-10072DBB8307}.Release|ARM.ActiveCfg = Release|Any CPU
		{C01D6B04-9836-4D4E-8517-10072DBB8307}.Release|ARM.Build.0 = Release|Any CPU
		{C01D6B04-9836-4D4E-8517-10072DBB8307}.Release|ARM.Deploy.0 = Release|Any CPU
		{C01D6B04-9836-4D4E-8517-10072DBB8307}.Release|iPhone.ActiveCfg = Release|Any CPU
		{C01D6B04-9836-4D4E-8517-10072DBB8307}.Release|iPhone.Build.0 = Release|Any CPU
		{C01D6B04-9836-4D4E-8517-10072DBB8307}.Release|iPhone.Deploy.0 = Release|Any CPU
		{C01D6B04-9836-4D4E-8517-10072DBB8307}.Release|iPhoneSimulator.ActiveCfg = Release|Any CPU
		{C01D6B04-9836-4D4E-8517-10072DBB8307}.Release|iPhoneSimulator.Build.0 = Release|Any CPU
		{C01D6B04-9836-4D4E-8517-10072DBB8307}.Release|iPhoneSimulator.Deploy.0 = Release|Any CPU
		{C01D6B04-9836-4D4E-8517-10072DBB8307}.Release|x64.ActiveCfg = Release|Any CPU
		{C01D6B04-9836-4D4E-8517-10072DBB8307}.Release|x64.Build.0 = Release|Any CPU
		{C01D6B04-9836-4D4E-8517-10072DBB8307}.Release|x64.Deploy.0 = Release|Any CPU
		{C01D6B04-9836-4D4E-8517-10072DBB8307}.Release|x86.ActiveCfg = Release|Any CPU
		{C01D6B04-9836-4D4E-8517-10072DBB8307}.Release|x86.Build.0 = Release|Any CPU
		{C01D6B04-9836-4D4E-8517-10072DBB8307}.Release|x86.Deploy.0 = Release|Any CPU
		{4987BA22-7940-478D-9674-BB86A7225D57}.Ad-Hoc|Any CPU.ActiveCfg = Ad-Hoc|iPhone
		{4987BA22-7940-478D-9674-BB86A7225D57}.Ad-Hoc|ARM.ActiveCfg = Ad-Hoc|iPhone
		{4987BA22-7940-478D-9674-BB86A7225D57}.Ad-Hoc|iPhone.ActiveCfg = Ad-Hoc|iPhone
		{4987BA22-7940-478D-9674-BB86A7225D57}.Ad-Hoc|iPhone.Build.0 = Ad-Hoc|iPhone
		{4987BA22-7940-478D-9674-BB86A7225D57}.Ad-Hoc|iPhoneSimulator.ActiveCfg = Ad-Hoc|iPhoneSimulator
		{4987BA22-7940-478D-9674-BB86A7225D57}.Ad-Hoc|iPhoneSimulator.Build.0 = Ad-Hoc|iPhoneSimulator
		{4987BA22-7940-478D-9674-BB86A7225D57}.Ad-Hoc|x64.ActiveCfg = Ad-Hoc|iPhone
		{4987BA22-7940-478D-9674-BB86A7225D57}.Ad-Hoc|x86.ActiveCfg = Ad-Hoc|iPhone
		{4987BA22-7940-478D-9674-BB86A7225D57}.AppStore|Any CPU.ActiveCfg = AppStore|iPhone
		{4987BA22-7940-478D-9674-BB86A7225D57}.AppStore|ARM.ActiveCfg = AppStore|iPhone
		{4987BA22-7940-478D-9674-BB86A7225D57}.AppStore|iPhone.ActiveCfg = AppStore|iPhone
		{4987BA22-7940-478D-9674-BB86A7225D57}.AppStore|iPhone.Build.0 = AppStore|iPhone
		{4987BA22-7940-478D-9674-BB86A7225D57}.AppStore|iPhoneSimulator.ActiveCfg = AppStore|iPhoneSimulator
		{4987BA22-7940-478D-9674-BB86A7225D57}.AppStore|iPhoneSimulator.Build.0 = AppStore|iPhoneSimulator
		{4987BA22-7940-478D-9674-BB86A7225D57}.AppStore|x64.ActiveCfg = AppStore|iPhone
		{4987BA22-7940-478D-9674-BB86A7225D57}.AppStore|x86.ActiveCfg = AppStore|iPhone
		{4987BA22-7940-478D-9674-BB86A7225D57}.Debug|Any CPU.ActiveCfg = Debug|iPhone
		{4987BA22-7940-478D-9674-BB86A7225D57}.Debug|ARM.ActiveCfg = Debug|iPhone
		{4987BA22-7940-478D-9674-BB86A7225D57}.Debug|iPhone.ActiveCfg = Debug|iPhone
		{4987BA22-7940-478D-9674-BB86A7225D57}.Debug|iPhone.Build.0 = Debug|iPhone
		{4987BA22-7940-478D-9674-BB86A7225D57}.Debug|iPhoneSimulator.ActiveCfg = Debug|iPhoneSimulator
		{4987BA22-7940-478D-9674-BB86A7225D57}.Debug|iPhoneSimulator.Build.0 = Debug|iPhoneSimulator
		{4987BA22-7940-478D-9674-BB86A7225D57}.Debug|x64.ActiveCfg = Debug|iPhone
		{4987BA22-7940-478D-9674-BB86A7225D57}.Debug|x86.ActiveCfg = Debug|iPhone
		{4987BA22-7940-478D-9674-BB86A7225D57}.Release|Any CPU.ActiveCfg = Release|iPhone
		{4987BA22-7940-478D-9674-BB86A7225D57}.Release|ARM.ActiveCfg = Release|iPhone
		{4987BA22-7940-478D-9674-BB86A7225D57}.Release|iPhone.ActiveCfg = Release|iPhone
		{4987BA22-7940-478D-9674-BB86A7225D57}.Release|iPhone.Build.0 = Release|iPhone
		{4987BA22-7940-478D-9674-BB86A7225D57}.Release|iPhoneSimulator.ActiveCfg = Release|iPhoneSimulator
		{4987BA22-7940-478D-9674-BB86A7225D57}.Release|iPhoneSimulator.Build.0 = Release|iPhoneSimulator
		{4987BA22-7940-478D-9674-BB86A7225D57}.Release|x64.ActiveCfg = Release|iPhone
		{4987BA22-7940-478D-9674-BB86A7225D57}.Release|x86.ActiveCfg = Release|iPhone
		{1EB56A82-8815-4047-B6D6-6839D8444168}.Ad-Hoc|Any CPU.ActiveCfg = Release|x86
		{1EB56A82-8815-4047-B6D6-6839D8444168}.Ad-Hoc|Any CPU.Build.0 = Release|x86
		{1EB56A82-8815-4047-B6D6-6839D8444168}.Ad-Hoc|Any CPU.Deploy.0 = Release|x86
		{1EB56A82-8815-4047-B6D6-6839D8444168}.Ad-Hoc|ARM.ActiveCfg = Release|ARM
		{1EB56A82-8815-4047-B6D6-6839D8444168}.Ad-Hoc|ARM.Build.0 = Release|ARM
		{1EB56A82-8815-4047-B6D6-6839D8444168}.Ad-Hoc|ARM.Deploy.0 = Release|ARM
		{1EB56A82-8815-4047-B6D6-6839D8444168}.Ad-Hoc|iPhone.ActiveCfg = Release|x86
		{1EB56A82-8815-4047-B6D6-6839D8444168}.Ad-Hoc|iPhone.Build.0 = Release|x86
		{1EB56A82-8815-4047-B6D6-6839D8444168}.Ad-Hoc|iPhone.Deploy.0 = Release|x86
		{1EB56A82-8815-4047-B6D6-6839D8444168}.Ad-Hoc|iPhoneSimulator.ActiveCfg = Release|x86
		{1EB56A82-8815-4047-B6D6-6839D8444168}.Ad-Hoc|iPhoneSimulator.Build.0 = Release|x86
		{1EB56A82-8815-4047-B6D6-6839D8444168}.Ad-Hoc|iPhoneSimulator.Deploy.0 = Release|x86
		{1EB56A82-8815-4047-B6D6-6839D8444168}.Ad-Hoc|x64.ActiveCfg = Release|x64
		{1EB56A82-8815-4047-B6D6-6839D8444168}.Ad-Hoc|x64.Build.0 = Release|x64
		{1EB56A82-8815-4047-B6D6-6839D8444168}.Ad-Hoc|x64.Deploy.0 = Release|x64
		{1EB56A82-8815-4047-B6D6-6839D8444168}.Ad-Hoc|x86.ActiveCfg = Release|x86
		{1EB56A82-8815-4047-B6D6-6839D8444168}.Ad-Hoc|x86.Build.0 = Release|x86
		{1EB56A82-8815-4047-B6D6-6839D8444168}.Ad-Hoc|x86.Deploy.0 = Release|x86
		{1EB56A82-8815-4047-B6D6-6839D8444168}.AppStore|Any CPU.ActiveCfg = Release|x86
		{1EB56A82-8815-4047-B6D6-6839D8444168}.AppStore|Any CPU.Build.0 = Release|x86
		{1EB56A82-8815-4047-B6D6-6839D8444168}.AppStore|Any CPU.Deploy.0 = Release|x86
		{1EB56A82-8815-4047-B6D6-6839D8444168}.AppStore|ARM.ActiveCfg = Release|ARM
		{1EB56A82-8815-4047-B6D6-6839D8444168}.AppStore|ARM.Build.0 = Release|ARM
		{1EB56A82-8815-4047-B6D6-6839D8444168}.AppStore|ARM.Deploy.0 = Release|ARM
		{1EB56A82-8815-4047-B6D6-6839D8444168}.AppStore|iPhone.ActiveCfg = Release|x86
		{1EB56A82-8815-4047-B6D6-6839D8444168}.AppStore|iPhone.Build.0 = Release|x86
		{1EB56A82-8815-4047-B6D6-6839D8444168}.AppStore|iPhone.Deploy.0 = Release|x86
		{1EB56A82-8815-4047-B6D6-6839D8444168}.AppStore|iPhoneSimulator.ActiveCfg = Release|x86
		{1EB56A82-8815-4047-B6D6-6839D8444168}.AppStore|iPhoneSimulator.Build.0 = Release|x86
		{1EB56A82-8815-4047-B6D6-6839D8444168}.AppStore|iPhoneSimulator.Deploy.0 = Release|x86
		{1EB56A82-8815-4047-B6D6-6839D8444168}.AppStore|x64.ActiveCfg = Release|x64
		{1EB56A82-8815-4047-B6D6-6839D8444168}.AppStore|x64.Build.0 = Release|x64
		{1EB56A82-8815-4047-B6D6-6839D8444168}.AppStore|x64.Deploy.0 = Release|x64
		{1EB56A82-8815-4047-B6D6-6839D8444168}.AppStore|x86.ActiveCfg = Release|x86
		{1EB56A82-8815-4047-B6D6-6839D8444168}.AppStore|x86.Build.0 = Release|x86
		{1EB56A82-8815-4047-B6D6-6839D8444168}.AppStore|x86.Deploy.0 = Release|x86
		{1EB56A82-8815-4047-B6D6-6839D8444168}.Debug|Any CPU.ActiveCfg = Debug|x86
		{1EB56A82-8815-4047-B6D6-6839D8444168}.Debug|ARM.ActiveCfg = Debug|ARM
		{1EB56A82-8815-4047-B6D6-6839D8444168}.Debug|ARM.Build.0 = Debug|ARM
		{1EB56A82-8815-4047-B6D6-6839D8444168}.Debug|ARM.Deploy.0 = Debug|ARM
		{1EB56A82-8815-4047-B6D6-6839D8444168}.Debug|iPhone.ActiveCfg = Debug|x86
		{1EB56A82-8815-4047-B6D6-6839D8444168}.Debug|iPhoneSimulator.ActiveCfg = Debug|x86
		{1EB56A82-8815-4047-B6D6-6839D8444168}.Debug|x64.ActiveCfg = Debug|x64
		{1EB56A82-8815-4047-B6D6-6839D8444168}.Debug|x64.Build.0 = Debug|x64
		{1EB56A82-8815-4047-B6D6-6839D8444168}.Debug|x64.Deploy.0 = Debug|x64
		{1EB56A82-8815-4047-B6D6-6839D8444168}.Debug|x86.ActiveCfg = Debug|x86
		{1EB56A82-8815-4047-B6D6-6839D8444168}.Debug|x86.Build.0 = Debug|x86
		{1EB56A82-8815-4047-B6D6-6839D8444168}.Debug|x86.Deploy.0 = Debug|x86
		{1EB56A82-8815-4047-B6D6-6839D8444168}.Release|Any CPU.ActiveCfg = Release|x86
		{1EB56A82-8815-4047-B6D6-6839D8444168}.Release|ARM.ActiveCfg = Release|ARM
		{1EB56A82-8815-4047-B6D6-6839D8444168}.Release|ARM.Build.0 = Release|ARM
		{1EB56A82-8815-4047-B6D6-6839D8444168}.Release|ARM.Deploy.0 = Release|ARM
		{1EB56A82-8815-4047-B6D6-6839D8444168}.Release|iPhone.ActiveCfg = Release|x86
		{1EB56A82-8815-4047-B6D6-6839D8444168}.Release|iPhoneSimulator.ActiveCfg = Release|x86
		{1EB56A82-8815-4047-B6D6-6839D8444168}.Release|x64.ActiveCfg = Release|x64
		{1EB56A82-8815-4047-B6D6-6839D8444168}.Release|x64.Build.0 = Release|x64
		{1EB56A82-8815-4047-B6D6-6839D8444168}.Release|x64.Deploy.0 = Release|x64
		{1EB56A82-8815-4047-B6D6-6839D8444168}.Release|x86.ActiveCfg = Release|x86
		{1EB56A82-8815-4047-B6D6-6839D8444168}.Release|x86.Build.0 = Release|x86
		{1EB56A82-8815-4047-B6D6-6839D8444168}.Release|x86.Deploy.0 = Release|x86
	EndGlobalSection
	GlobalSection(SolutionProperties) = preSolution
		HideSolutionNode = FALSE
	EndGlobalSection
	GlobalSection(ExtensibilityGlobals) = postSolution
		SolutionGuid = {FD42F01E-D1EB-4898-A113-D4CF187B2191}
	EndGlobalSection
EndGlobal
